{
  "name": "frontend",
  "lockfileVersion": 3,
  "requires": true,
  "packages": {
    "": {
      "name": "frontend",
      "hasInstallScript": true,
      "devDependencies": {
        "@tsconfig/vite-react": "^7.0.0",
        "pnpm": "10.30.3",
        "typescript": "^5.5.4"
      },
      "engines": {
        "node": ">=18"
      }
    },
    "node_modules/@tsconfig/vite-react": {
      "version": "7.0.2",
      "resolved": "https://registry.npmjs.org/@tsconfig/vite-react/-/vite-react-7.0.2.tgz",
      "integrity": "sha512-lEj4y5SPRcH+bjw0tyuxrEnPqQUwfQzBKgd1YamD9xyet9zLwh2gwy5F8w/Nxg5DjdgYVjjKo5aLJUf0BTDz4w==",
      "dev": true,
      "license": "MIT"
    },
    "node_modules/pnpm": {
      "version": "10.30.3",
      "resolved": "https://registry.npmjs.org/pnpm/-/pnpm-10.30.3.tgz",
      "integrity": "sha512-yWHR4KLY41TsqlFmuCJRZmi39Ey1vZUSLVkN2Bki9gb1RzttI+xKW+Bef80Y6EiNR9l4u+mBhy8RRdBumnQAFw==",
      "dev": true,
      "license": "MIT",
      "bin": {
        "pnpm": "bin/pnpm.cjs",
        "pnpx": "bin/pnpx.cjs"
      },
      "engines": {
        "node": ">=18.12"
      },
      "funding": {
        "url": "https://opencollective.com/pnpm"
      }
    },
    "node_modules/typescript": {
      "version": "5.9.3",
      "resolved": "https://registry.npmjs.org/typescript/-/typescript-5.9.3.tgz",
      "integrity": "sha512-jl1vZzPDinLr9eUt3J/t7V6FgNEw9QjvBPdysz9KfQDD41fQrC2Y4vKQdiaUpFT4bXlb1RHhLpp8wtm6M5TgSw==",
      "dev": true,
      "license": "Apache-2.0",
      "bin": {
        "tsc": "bin/tsc",
        "tsserver": "bin/tsserver"
      },
      "engines": {
        "node": ">=14.17"
      }
    }
  }
}
